
Microsoft Visual Studio Solution File, Format Version 12.00
# Visual Studio Version 17
VisualStudioVersion = 17.3.32929.385
MinimumVisualStudioVersion = 10.0.40219.1
Project("{9A19103F-16F7-4668-BE54-9A1E7A4F7556}") = "SweetEssma", "EssmaCars\SweetEssma.csproj", "{9B1B7D0C-8B80-439C-9065-3F6EC79BE487}"
EndProject
Project("{FAE04EC0-301F-11D3-BF4B-00C04F79EFBC}") = "SweetEssmaTest1", "SweetEssmaTest1\SweetEssmaTest1.csproj", "{24CBBF8D-2EEA-4BF8-B71A-C300B68EC497}"
EndProject
Global
	GlobalSection(SolutionConfigurationPlatforms) = preSolution
		Debug|Any CPU = Debug|Any CPU
		Release|Any CPU = Release|Any CPU
	EndGlobalSection
	GlobalSection(ProjectConfigurationPlatforms) = postSolution
		{9B1B7D0C-8B80-439C-9065-3F6EC79BE487}.Debug|Any CPU.ActiveCfg = Debug|Any CPU
		{9B1B7D0C-8B80-439C-9065-3F6EC79BE487}.Debug|Any CPU.Build.0 = Debug|Any CPU
		{9B1B7D0C-8B80-439C-9065-3F6EC79BE487}.Release|Any CPU.ActiveCfg = Release|Any CPU
		{9B1B7D0C-8B80-439C-9065-3F6EC79BE487}.Release|Any CPU.Build.0 = Release|Any CPU
		{24CBBF8D-2EEA-4BF8-B71A-C300B68EC497}.Debug|Any CPU.ActiveCfg = Debug|Any CPU
		{24CBBF8D-2EEA-4BF8-B71A-C300B68EC497}.Debug|Any CPU.Build.0 = Debug|Any CPU
		{24CBBF8D-2EEA-4BF8-B71A-C300B68EC497}.Release|Any CPU.ActiveCfg = Release|Any CPU
		{24CBBF8D-2EEA-4BF8-B71A-C300B68EC497}.Release|Any CPU.Build.0 = Release|Any CPU
	EndGlobalSection
	GlobalSection(SolutionProperties) = preSolution
		HideSolutionNode = FALSE
	EndGlobalSection
	GlobalSection(ExtensibilityGlobals) = postSolution
		SolutionGuid = {13D5A5C6-7972-4295-8C79-3549D12C8264}
	EndGlobalSection
EndGlobal
